{
  "nodes": {
    "nixiosk": {
      "inputs": {
        "nixpkgs": "nixpkgs",
        "nixpkgs-unstable": "nixpkgs-unstable"
      },
      "locked": {
        "lastModified": 1683502422,
        "narHash": "sha256-IPgHD0spof03zTnExv8/ev/gGMttvipCD9I2IIWW9x4=",
        "owner": "Darune",
        "repo": "nixiosk",
        "rev": "e1c8bf1924ee3be006704747c4b51b4e50b9e3aa",
        "type": "github"
      },
      "original": {
        "owner": "Darune",
        "ref": "nixos-22.11",
        "repo": "nixiosk",
        "type": "github"
      }
    },
    "nixpkgs": {
      "locked": {
        "lastModified": 1683383741,
        "narHash": "sha256-rAQSBnFGNKNomUUyVl+7v0tnp45677t4Ovlh9f57k6Q=",
        "owner": "nixos",
        "repo": "nixpkgs",
        "rev": "adc7c6f1bbaa73cda26be2323353b63a05b42f61",
        "type": "github"
      },
      "original": {
        "owner": "nixos",
        "ref": "nixos-22.11",
        "repo": "nixpkgs",
        "type": "github"
      }
    },
    "nixpkgs-unstable": {
      "locked": {
        "lastModified": 1683408522,
        "narHash": "sha256-9kcPh6Uxo17a3kK3XCHhcWiV1Yu1kYj22RHiymUhMkU=",
        "owner": "nixos",
        "repo": "nixpkgs",
        "rev": "897876e4c484f1e8f92009fd11b7d988a121a4e7",
        "type": "github"
      },
      "original": {
        "owner": "nixos",
        "ref": "nixos-unstable",
        "repo": "nixpkgs",
        "type": "github"
      }
    },
    "nixpkgs_2": {
      "locked": {
        "lastModified": 1683408522,
        "narHash": "sha256-9kcPh6Uxo17a3kK3XCHhcWiV1Yu1kYj22RHiymUhMkU=",
        "owner": "nixos",
        "repo": "nixpkgs",
        "rev": "897876e4c484f1e8f92009fd11b7d988a121a4e7",
        "type": "github"
      },
      "original": {
        "owner": "nixos",
        "ref": "nixos-unstable",
        "repo": "nixpkgs",
        "type": "github"
      }
    },
    "root": {
      "inputs": {
        "nixiosk": "nixiosk",
        "nixpkgs": "nixpkgs_2"
      }
    }
  },
  "root": "root",
  "version": 7
}
